
Microsoft Visual Studio Solution File, Format Version 12.00
# Visual Studio Version 17
VisualStudioVersion = 17.11.35222.181
MinimumVisualStudioVersion = 10.0.40219.1
Project("{9A19103F-16F7-4668-BE54-9A1E7A4F7556}") = "AppTicketV2", "AppTicketV2\AppTicketV2.csproj", "{5978F1E9-B028-478E-9250-CC84F41E9855}"
EndProject
Project("{FAE04EC0-301F-11D3-BF4B-00C04F79EFBC}") = "DataAccess", "DataAccess\DataAccess.csproj", "{AC866CDC-CE25-470E-AF9B-B4F33F95C49C}"
EndProject
Global
	GlobalSection(SolutionConfigurationPlatforms) = preSolution
		Debug|Any CPU = Debug|Any CPU
		Release|Any CPU = Release|Any CPU
	EndGlobalSection
	GlobalSection(ProjectConfigurationPlatforms) = postSolution
		{5978F1E9-B028-478E-9250-CC84F41E9855}.Debug|Any CPU.ActiveCfg = Debug|Any CPU
		{5978F1E9-B028-478E-9250-CC84F41E9855}.Debug|Any CPU.Build.0 = Debug|Any CPU
		{5978F1E9-B028-478E-9250-CC84F41E9855}.Release|Any CPU.ActiveCfg = Release|Any CPU
		{5978F1E9-B028-478E-9250-CC84F41E9855}.Release|Any CPU.Build.0 = Release|Any CPU
		{AC866CDC-CE25-470E-AF9B-B4F33F95C49C}.Debug|Any CPU.ActiveCfg = Debug|Any CPU
		{AC866CDC-CE25-470E-AF9B-B4F33F95C49C}.Debug|Any CPU.Build.0 = Debug|Any CPU
		{AC866CDC-CE25-470E-AF9B-B4F33F95C49C}.Release|Any CPU.ActiveCfg = Release|Any CPU
		{AC866CDC-CE25-470E-AF9B-B4F33F95C49C}.Release|Any CPU.Build.0 = Release|Any CPU
	EndGlobalSection
	GlobalSection(SolutionProperties) = preSolution
		HideSolutionNode = FALSE
	EndGlobalSection
	GlobalSection(ExtensibilityGlobals) = postSolution
		SolutionGuid = {CCD78E99-B24B-425F-A3B1-50898A6223FB}
	EndGlobalSection
EndGlobal
